
Microsoft Visual Studio Solution File, Format Version 12.00
# Visual Studio 2013
VisualStudioVersion = 12.0.30110.0
MinimumVisualStudioVersion = 10.0.40219.1
Project("{FAE04EC0-301F-11D3-BF4B-00C04F79EFBC}") = "PragmaticAzureDemo", "PragmaticAzureDemo\PragmaticAzureDemo.csproj", "{4FD5C0FA-6B84-4F08-8B95-49C053591BB9}"
EndProject
Project("{FAE04EC0-301F-11D3-BF4B-00C04F79EFBC}") = "PragmaticAzureDemo.Tests", "PragmaticAzureDemo.Tests\PragmaticAzureDemo.Tests.csproj", "{A562ED57-74FA-4B8D-BC4A-1C16C62C4E38}"
EndProject
Project("{FAE04EC0-301F-11D3-BF4B-00C04F79EFBC}") = "PragmaticAzureActiveDirectory", "PragmaticAzureActiveDirectory\PragmaticAzureActiveDirectory.csproj", "{81665A42-513F-4697-AC97-25C2EEE785E2}"
EndProject
Project("{2150E333-8FDC-42A3-9474-1A3956D46DE8}") = ".nuget", ".nuget", "{CC2EABB8-63EC-4F31-96B6-0255824E5181}"
	ProjectSection(SolutionItems) = preProject
		.nuget\NuGet.Config = .nuget\NuGet.Config
		.nuget\NuGet.exe = .nuget\NuGet.exe
		.nuget\NuGet.targets = .nuget\NuGet.targets
	EndProjectSection
EndProject
Global
	GlobalSection(SolutionConfigurationPlatforms) = preSolution
		Debug|Any CPU = Debug|Any CPU
		Release|Any CPU = Release|Any CPU
	EndGlobalSection
	GlobalSection(ProjectConfigurationPlatforms) = postSolution
		{4FD5C0FA-6B84-4F08-8B95-49C053591BB9}.Debug|Any CPU.ActiveCfg = Debug|Any CPU
		{4FD5C0FA-6B84-4F08-8B95-49C053591BB9}.Debug|Any CPU.Build.0 = Debug|Any CPU
		{4FD5C0FA-6B84-4F08-8B95-49C053591BB9}.Release|Any CPU.ActiveCfg = Release|Any CPU
		{4FD5C0FA-6B84-4F08-8B95-49C053591BB9}.Release|Any CPU.Build.0 = Release|Any CPU
		{A562ED57-74FA-4B8D-BC4A-1C16C62C4E38}.Debug|Any CPU.ActiveCfg = Debug|Any CPU
		{A562ED57-74FA-4B8D-BC4A-1C16C62C4E38}.Debug|Any CPU.Build.0 = Debug|Any CPU
		{A562ED57-74FA-4B8D-BC4A-1C16C62C4E38}.Release|Any CPU.ActiveCfg = Release|Any CPU
		{A562ED57-74FA-4B8D-BC4A-1C16C62C4E38}.Release|Any CPU.Build.0 = Release|Any CPU
		{81665A42-513F-4697-AC97-25C2EEE785E2}.Debug|Any CPU.ActiveCfg = Debug|Any CPU
		{81665A42-513F-4697-AC97-25C2EEE785E2}.Debug|Any CPU.Build.0 = Debug|Any CPU
		{81665A42-513F-4697-AC97-25C2EEE785E2}.Release|Any CPU.ActiveCfg = Release|Any CPU
		{81665A42-513F-4697-AC97-25C2EEE785E2}.Release|Any CPU.Build.0 = Release|Any CPU
	EndGlobalSection
	GlobalSection(SolutionProperties) = preSolution
		HideSolutionNode = FALSE
	EndGlobalSection
EndGlobal
